
Microsoft Visual Studio Solution File, Format Version 12.00
# Visual Studio 15
VisualStudioVersion = 15.0.27428.2002
MinimumVisualStudioVersion = 10.0.40219.1
Project("{FAE04EC0-301F-11D3-BF4B-00C04F79EFBC}") = "projectDev", "projectDev\projectDev.csproj", "{17CBF4C9-DC33-481C-BBDA-F8884EDA68EA}"
EndProject
Global
	GlobalSection(SolutionConfigurationPlatforms) = preSolution
		Debug|Any CPU = Debug|Any CPU
		Release|Any CPU = Release|Any CPU
	EndGlobalSection
	GlobalSection(ProjectConfigurationPlatforms) = postSolution
		{17CBF4C9-DC33-481C-BBDA-F8884EDA68EA}.Debug|Any CPU.ActiveCfg = Debug|Any CPU
		{17CBF4C9-DC33-481C-BBDA-F8884EDA68EA}.Debug|Any CPU.Build.0 = Debug|Any CPU
		{17CBF4C9-DC33-481C-BBDA-F8884EDA68EA}.Release|Any CPU.ActiveCfg = Release|Any CPU
		{17CBF4C9-DC33-481C-BBDA-F8884EDA68EA}.Release|Any CPU.Build.0 = Release|Any CPU
	EndGlobalSection
	GlobalSection(SolutionProperties) = preSolution
		HideSolutionNode = FALSE
	EndGlobalSection
	GlobalSection(ExtensibilityGlobals) = postSolution
		SolutionGuid = {9F5982AE-B47F-45F0-BCF7-2DC0E5B24156}
	EndGlobalSection
EndGlobal
